
Microsoft Visual Studio Solution File, Format Version 12.00
# Visual Studio Version 17
VisualStudioVersion = 17.9.34728.123
MinimumVisualStudioVersion = 10.0.40219.1
Project("{FAE04EC0-301F-11D3-BF4B-00C04F79EFBC}") = "TelegramBot", "TelegramBot\TelegramBot.csproj", "{450115E1-3648-4A78-B143-FD11D661E77B}"
EndProject
Project("{FAE04EC0-301F-11D3-BF4B-00C04F79EFBC}") = "ChatGpt", "ChatGpt\ChatGpt.csproj", "{BF17913C-8A7B-454C-AB99-EC52DE1091F3}"
EndProject
Project("{FAE04EC0-301F-11D3-BF4B-00C04F79EFBC}") = "MyTelegramBot", "MyTelegramBot\MyTelegramBot.csproj", "{F02D1453-76EA-4C21-ACB7-66EEA45CBF45}"
EndProject
Global
	GlobalSection(SolutionConfigurationPlatforms) = preSolution
		Debug|Any CPU = Debug|Any CPU
		Release|Any CPU = Release|Any CPU
	EndGlobalSection
	GlobalSection(ProjectConfigurationPlatforms) = postSolution
		{450115E1-3648-4A78-B143-FD11D661E77B}.Debug|Any CPU.ActiveCfg = Debug|Any CPU
		{450115E1-3648-4A78-B143-FD11D661E77B}.Debug|Any CPU.Build.0 = Debug|Any CPU
		{450115E1-3648-4A78-B143-FD11D661E77B}.Release|Any CPU.ActiveCfg = Release|Any CPU
		{450115E1-3648-4A78-B143-FD11D661E77B}.Release|Any CPU.Build.0 = Release|Any CPU
		{BF17913C-8A7B-454C-AB99-EC52DE1091F3}.Debug|Any CPU.ActiveCfg = Debug|Any CPU
		{BF17913C-8A7B-454C-AB99-EC52DE1091F3}.Debug|Any CPU.Build.0 = Debug|Any CPU
		{BF17913C-8A7B-454C-AB99-EC52DE1091F3}.Release|Any CPU.ActiveCfg = Release|Any CPU
		{BF17913C-8A7B-454C-AB99-EC52DE1091F3}.Release|Any CPU.Build.0 = Release|Any CPU
		{F02D1453-76EA-4C21-ACB7-66EEA45CBF45}.Debug|Any CPU.ActiveCfg = Debug|Any CPU
		{F02D1453-76EA-4C21-ACB7-66EEA45CBF45}.Debug|Any CPU.Build.0 = Debug|Any CPU
		{F02D1453-76EA-4C21-ACB7-66EEA45CBF45}.Release|Any CPU.ActiveCfg = Release|Any CPU
		{F02D1453-76EA-4C21-ACB7-66EEA45CBF45}.Release|Any CPU.Build.0 = Release|Any CPU
	EndGlobalSection
	GlobalSection(SolutionProperties) = preSolution
		HideSolutionNode = FALSE
	EndGlobalSection
	GlobalSection(ExtensibilityGlobals) = postSolution
		SolutionGuid = {1F3B470A-BD9B-46BE-881A-8A0DE21ECCF9}
	EndGlobalSection
EndGlobal
